{
  "pins" : [
    {
      "identity" : "dip",
      "kind" : "remoteSourceControl",
      "location" : "https://github.com/AliSoftware/Dip",
      "state" : {
        "revision" : "c3b601df0ff22b06b6d5ff4943faf05c0bd3f9bb",
        "version" : "7.1.1"
      }
    },
    {
      "identity" : "kingfisher",
      "kind" : "remoteSourceControl",
      "location" : "https://github.com/onevcat/Kingfisher",
      "state" : {
        "revision" : "add0a87ec4e31e2ca2a0b2085f0559201e4f5918",
        "version" : "7.10.1"
      }
    }
  ],
  "version" : 2
}
