// !$*UTF8*$!
{
	archiveVersion = 1;
	classes = {
	};
	objectVersion = 56;
	objects = {

/* Begin PBXBuildFile section */
		5C151E242AEAB8E2009684FE /* AppDelegate.swift in Sources */ = {isa = PBXBuildFile; fileRef = 5C151E232AEAB8E2009684FE /* AppDelegate.swift */; };
		5C151E262AEAB8E2009684FE /* SceneDelegate.swift in Sources */ = {isa = PBXBuildFile; fileRef = 5C151E252AEAB8E2009684FE /* SceneDelegate.swift */; };
		5C151E282AEAB8E2009684FE /* AuthViewController.swift in Sources */ = {isa = PBXBuildFile; fileRef = 5C151E272AEAB8E2009684FE /* AuthViewController.swift */; };
		5C151E2D2AEAB8E4009684FE /* Assets.xcassets in Resources */ = {isa = PBXBuildFile; fileRef = 5C151E2C2AEAB8E4009684FE /* Assets.xcassets */; };
		5C151E3B2AEAB8E5009684FE /* todoTests.swift in Sources */ = {isa = PBXBuildFile; fileRef = 5C151E3A2AEAB8E5009684FE /* todoTests.swift */; };
		5C151E452AEAB8E5009684FE /* todoUITests.swift in Sources */ = {isa = PBXBuildFile; fileRef = 5C151E442AEAB8E5009684FE /* todoUITests.swift */; };
		5C151E472AEAB8E5009684FE /* todoUITestsLaunchTests.swift in Sources */ = {isa = PBXBuildFile; fileRef = 5C151E462AEAB8E5009684FE /* todoUITestsLaunchTests.swift */; };
		5C50A3022AFD33AE00EEE149 /* PrimaryButton.swift in Sources */ = {isa = PBXBuildFile; fileRef = 5C50A3002AFD33AE00EEE149 /* PrimaryButton.swift */; };
		5C50A3032AFD33AE00EEE149 /* MainButton.swift in Sources */ = {isa = PBXBuildFile; fileRef = 5C50A3012AFD33AE00EEE149 /* MainButton.swift */; };
		5C50A3062AFD358000EEE149 /* ValidationManager.swift in Sources */ = {isa = PBXBuildFile; fileRef = 5C50A3052AFD358000EEE149 /* ValidationManager.swift */; };
		5C50A3082B01329100EEE149 /* SignUp.storyboard in Resources */ = {isa = PBXBuildFile; fileRef = 5C50A3092B01329100EEE149 /* SignUp.storyboard */; };
		5C50A30A2B01329C00EEE149 /* Auth.storyboard in Resources */ = {isa = PBXBuildFile; fileRef = 5C50A30B2B01329C00EEE149 /* Auth.storyboard */; };
		5C50A30C2B0132A100EEE149 /* LaunchScreen.storyboard in Resources */ = {isa = PBXBuildFile; fileRef = 5C50A30D2B0132A100EEE149 /* LaunchScreen.storyboard */; };
		5C50A30F2B026C4C00EEE149 /* TextButton.swift in Sources */ = {isa = PBXBuildFile; fileRef = 5C50A30E2B026C4C00EEE149 /* TextButton.swift */; };
		5C50A3112B02DB7F00EEE149 /* TextViewInput.swift in Sources */ = {isa = PBXBuildFile; fileRef = 5C50A3102B02DB7F00EEE149 /* TextViewInput.swift */; };
		5C50A3132B04FFF900EEE149 /* Empty.storyboard in Resources */ = {isa = PBXBuildFile; fileRef = 5C50A3122B04FFF900EEE149 /* Empty.storyboard */; };
		5C50A3162B05048400EEE149 /* EmptyViewController.swift in Sources */ = {isa = PBXBuildFile; fileRef = 5C50A3152B05048400EEE149 /* EmptyViewController.swift */; };
		5C50A3192B0509A200EEE149 /* MainItemCell.xib in Resources */ = {isa = PBXBuildFile; fileRef = 5C50A3182B0509A200EEE149 /* MainItemCell.xib */; };
		5C50A31B2B0509C300EEE149 /* MainItemCell.swift in Sources */ = {isa = PBXBuildFile; fileRef = 5C50A31A2B0509C300EEE149 /* MainItemCell.swift */; };
		5C50A3202B06686200EEE149 /* NewItemViewController.swift in Sources */ = {isa = PBXBuildFile; fileRef = 5C50A31F2B06686200EEE149 /* NewItemViewController.swift */; };
		5C50A3222B06689000EEE149 /* NewItem.storyboard in Resources */ = {isa = PBXBuildFile; fileRef = 5C50A3212B06689000EEE149 /* NewItem.storyboard */; };
		5C54AEF52B21398B004CA56E /* UIViewController+Keyboard.swift in Sources */ = {isa = PBXBuildFile; fileRef = 5C54AEF42B21398B004CA56E /* UIViewController+Keyboard.swift */; };
		5CCB523F2B1CD49400F3A281 /* SignUpRequest.swift in Sources */ = {isa = PBXBuildFile; fileRef = 5CCB523E2B1CD49300F3A281 /* SignUpRequest.swift */; };
		5CCB52412B1CD4BC00F3A281 /* SignInRequest.swift in Sources */ = {isa = PBXBuildFile; fileRef = 5CCB52402B1CD4BC00F3A281 /* SignInRequest.swift */; };
		5CCB52432B1CD4CF00F3A281 /* TodosRequest.swift in Sources */ = {isa = PBXBuildFile; fileRef = 5CCB52422B1CD4CF00F3A281 /* TodosRequest.swift */; };
		5CCBF8832B0FA1E200790C8D /* PlistFiles.swift in Sources */ = {isa = PBXBuildFile; fileRef = 5CCBF8822B0FA1E200790C8D /* PlistFiles.swift */; };
		5CCBF8862B0FA21900790C8D /* OSLog.swift in Sources */ = {isa = PBXBuildFile; fileRef = 5CCBF8852B0FA21900790C8D /* OSLog.swift */; };
		5CCBF8892B0FA27200790C8D /* NetworkManager.swift in Sources */ = {isa = PBXBuildFile; fileRef = 5CCBF8882B0FA27200790C8D /* NetworkManager.swift */; };
		5CCBF88D2B0FA6B600790C8D /* EmptyResponse.swift in Sources */ = {isa = PBXBuildFile; fileRef = 5CCBF88C2B0FA6B600790C8D /* EmptyResponse.swift */; };
		5CCBF88F2B0FA6DB00790C8D /* AuthResponse.swift in Sources */ = {isa = PBXBuildFile; fileRef = 5CCBF88E2B0FA6DA00790C8D /* AuthResponse.swift */; };
		5CCBF8912B0FA71600790C8D /* DataResponse.swift in Sources */ = {isa = PBXBuildFile; fileRef = 5CCBF8902B0FA71600790C8D /* DataResponse.swift */; };
		5CCBF8932B10CBC900790C8D /* DateFormatter.swift in Sources */ = {isa = PBXBuildFile; fileRef = 5CCBF8922B10CBC900790C8D /* DateFormatter.swift */; };
		5CCBF8952B135A1000790C8D /* TodosResponse.swift in Sources */ = {isa = PBXBuildFile; fileRef = 5CCBF8942B135A1000790C8D /* TodosResponse.swift */; };
		5CCBF8972B164F6500790C8D /* SplashScreen.storyboard in Resources */ = {isa = PBXBuildFile; fileRef = 5CCBF8962B164F6500790C8D /* SplashScreen.storyboard */; };
		5CCBF89A2B164F7D00790C8D /* SplashViewController.swift in Sources */ = {isa = PBXBuildFile; fileRef = 5CCBF8992B164F7D00790C8D /* SplashViewController.swift */; };
		5CCBF89C2B164FCC00790C8D /* UserManager.swift in Sources */ = {isa = PBXBuildFile; fileRef = 5CCBF89B2B164FCC00790C8D /* UserManager.swift */; };
		5CCBF89E2B18E5FD00790C8D /* LoadingIndicatorImageView.swift in Sources */ = {isa = PBXBuildFile; fileRef = 5CCBF89D2B18E5FD00790C8D /* LoadingIndicatorImageView.swift */; };
		5CCBF8A22B18E9AA00790C8D /* StatefullView.swift in Sources */ = {isa = PBXBuildFile; fileRef = 5CCBF8A12B18E9AA00790C8D /* StatefullView.swift */; };
		5CCD1C272AF6B3BE002C7FAF /* SignUpViewController.swift in Sources */ = {isa = PBXBuildFile; fileRef = 5CCD1C262AF6B3BE002C7FAF /* SignUpViewController.swift */; };
		5CE2342C2AF166AE0097AB36 /* Localizable.strings in Resources */ = {isa = PBXBuildFile; fileRef = 5CE2342B2AF166AE0097AB36 /* Localizable.strings */; };
		5CE2342E2AF166FA0097AB36 /* L10n.swift in Sources */ = {isa = PBXBuildFile; fileRef = 5CE2342D2AF166FA0097AB36 /* L10n.swift */; };
		5CE234302AF168EA0097AB36 /* Main.storyboard in Resources */ = {isa = PBXBuildFile; fileRef = 5CE2342F2AF168EA0097AB36 /* Main.storyboard */; };
		5CE234322AF1692A0097AB36 /* MainViewController.swift in Sources */ = {isa = PBXBuildFile; fileRef = 5CE234312AF1692A0097AB36 /* MainViewController.swift */; };
		5CE234372AF3F2800097AB36 /* ParenyViewController.swift in Sources */ = {isa = PBXBuildFile; fileRef = 5CE234362AF3F2800097AB36 /* ParenyViewController.swift */; };
		5CE2343A2AF3F3660097AB36 /* TextField.swift in Sources */ = {isa = PBXBuildFile; fileRef = 5CE234392AF3F3660097AB36 /* TextField.swift */; };
		5CE2343D2AF3FE400097AB36 /* TextInput.swift in Sources */ = {isa = PBXBuildFile; fileRef = 5CE2343C2AF3FE400097AB36 /* TextInput.swift */; };
/* End PBXBuildFile section */

/* Begin PBXContainerItemProxy section */
		5C151E372AEAB8E5009684FE /* PBXContainerItemProxy */ = {
			isa = PBXContainerItemProxy;
			containerPortal = 5C151E182AEAB8E1009684FE /* Project object */;
			proxyType = 1;
			remoteGlobalIDString = 5C151E1F2AEAB8E1009684FE;
			remoteInfo = todo;
		};
		5C151E412AEAB8E5009684FE /* PBXContainerItemProxy */ = {
			isa = PBXContainerItemProxy;
			containerPortal = 5C151E182AEAB8E1009684FE /* Project object */;
			proxyType = 1;
			remoteGlobalIDString = 5C151E1F2AEAB8E1009684FE;
			remoteInfo = todo;
		};
/* End PBXContainerItemProxy section */

/* Begin PBXFileReference section */
		5C151E202AEAB8E1009684FE /* todo.app */ = {isa = PBXFileReference; explicitFileType = wrapper.application; includeInIndex = 0; path = todo.app; sourceTree = BUILT_PRODUCTS_DIR; };
		5C151E232AEAB8E2009684FE /* AppDelegate.swift */ = {isa = PBXFileReference; lastKnownFileType = sourcecode.swift; path = AppDelegate.swift; sourceTree = "<group>"; };
		5C151E252AEAB8E2009684FE /* SceneDelegate.swift */ = {isa = PBXFileReference; lastKnownFileType = sourcecode.swift; path = SceneDelegate.swift; sourceTree = "<group>"; };
		5C151E272AEAB8E2009684FE /* AuthViewController.swift */ = {isa = PBXFileReference; lastKnownFileType = sourcecode.swift; path = AuthViewController.swift; sourceTree = "<group>"; };
		5C151E2C2AEAB8E4009684FE /* Assets.xcassets */ = {isa = PBXFileReference; lastKnownFileType = folder.assetcatalog; path = Assets.xcassets; sourceTree = "<group>"; };
		5C151E312AEAB8E4009684FE /* Info.plist */ = {isa = PBXFileReference; lastKnownFileType = text.plist.xml; path = Info.plist; sourceTree = "<group>"; };
		5C151E362AEAB8E5009684FE /* todoTests.xctest */ = {isa = PBXFileReference; explicitFileType = wrapper.cfbundle; includeInIndex = 0; path = todoTests.xctest; sourceTree = BUILT_PRODUCTS_DIR; };
		5C151E3A2AEAB8E5009684FE /* todoTests.swift */ = {isa = PBXFileReference; lastKnownFileType = sourcecode.swift; path = todoTests.swift; sourceTree = "<group>"; };
		5C151E402AEAB8E5009684FE /* todoUITests.xctest */ = {isa = PBXFileReference; explicitFileType = wrapper.cfbundle; includeInIndex = 0; path = todoUITests.xctest; sourceTree = BUILT_PRODUCTS_DIR; };
		5C151E442AEAB8E5009684FE /* todoUITests.swift */ = {isa = PBXFileReference; lastKnownFileType = sourcecode.swift; path = todoUITests.swift; sourceTree = "<group>"; };
		5C151E462AEAB8E5009684FE /* todoUITestsLaunchTests.swift */ = {isa = PBXFileReference; lastKnownFileType = sourcecode.swift; path = todoUITestsLaunchTests.swift; sourceTree = "<group>"; };
		5C50A3002AFD33AE00EEE149 /* PrimaryButton.swift */ = {isa = PBXFileReference; fileEncoding = 4; lastKnownFileType = sourcecode.swift; path = PrimaryButton.swift; sourceTree = "<group>"; };
		5C50A3012AFD33AE00EEE149 /* MainButton.swift */ = {isa = PBXFileReference; fileEncoding = 4; lastKnownFileType = sourcecode.swift; path = MainButton.swift; sourceTree = "<group>"; };
		5C50A3052AFD358000EEE149 /* ValidationManager.swift */ = {isa = PBXFileReference; lastKnownFileType = sourcecode.swift; path = ValidationManager.swift; sourceTree = "<group>"; };
		5C50A3092B01329100EEE149 /* SignUp.storyboard */ = {isa = PBXFileReference; lastKnownFileType = file.storyboard; path = SignUp.storyboard; sourceTree = "<group>"; };
		5C50A30B2B01329C00EEE149 /* Auth.storyboard */ = {isa = PBXFileReference; lastKnownFileType = file.storyboard; path = Auth.storyboard; sourceTree = "<group>"; };
		5C50A30D2B0132A100EEE149 /* LaunchScreen.storyboard */ = {isa = PBXFileReference; lastKnownFileType = file.storyboard; path = LaunchScreen.storyboard; sourceTree = "<group>"; };
		5C50A30E2B026C4C00EEE149 /* TextButton.swift */ = {isa = PBXFileReference; lastKnownFileType = sourcecode.swift; path = TextButton.swift; sourceTree = "<group>"; };
		5C50A3102B02DB7F00EEE149 /* TextViewInput.swift */ = {isa = PBXFileReference; lastKnownFileType = sourcecode.swift; path = TextViewInput.swift; sourceTree = "<group>"; };
		5C50A3122B04FFF900EEE149 /* Empty.storyboard */ = {isa = PBXFileReference; lastKnownFileType = file.storyboard; path = Empty.storyboard; sourceTree = "<group>"; };
		5C50A3152B05048400EEE149 /* EmptyViewController.swift */ = {isa = PBXFileReference; lastKnownFileType = sourcecode.swift; path = EmptyViewController.swift; sourceTree = "<group>"; };
		5C50A3182B0509A200EEE149 /* MainItemCell.xib */ = {isa = PBXFileReference; lastKnownFileType = file.xib; path = MainItemCell.xib; sourceTree = "<group>"; };
		5C50A31A2B0509C300EEE149 /* MainItemCell.swift */ = {isa = PBXFileReference; lastKnownFileType = sourcecode.swift; path = MainItemCell.swift; sourceTree = "<group>"; };
		5C50A31F2B06686200EEE149 /* NewItemViewController.swift */ = {isa = PBXFileReference; lastKnownFileType = sourcecode.swift; path = NewItemViewController.swift; sourceTree = "<group>"; };
		5C50A3212B06689000EEE149 /* NewItem.storyboard */ = {isa = PBXFileReference; lastKnownFileType = file.storyboard; path = NewItem.storyboard; sourceTree = "<group>"; };
		5C54AEF42B21398B004CA56E /* UIViewController+Keyboard.swift */ = {isa = PBXFileReference; lastKnownFileType = sourcecode.swift; path = "UIViewController+Keyboard.swift"; sourceTree = "<group>"; };
		5CCB523E2B1CD49300F3A281 /* SignUpRequest.swift */ = {isa = PBXFileReference; lastKnownFileType = sourcecode.swift; path = SignUpRequest.swift; sourceTree = "<group>"; };
		5CCB52402B1CD4BC00F3A281 /* SignInRequest.swift */ = {isa = PBXFileReference; lastKnownFileType = sourcecode.swift; path = SignInRequest.swift; sourceTree = "<group>"; };
		5CCB52422B1CD4CF00F3A281 /* TodosRequest.swift */ = {isa = PBXFileReference; lastKnownFileType = sourcecode.swift; path = TodosRequest.swift; sourceTree = "<group>"; };
		5CCBF8822B0FA1E200790C8D /* PlistFiles.swift */ = {isa = PBXFileReference; fileEncoding = 4; lastKnownFileType = sourcecode.swift; path = PlistFiles.swift; sourceTree = "<group>"; };
		5CCBF8852B0FA21900790C8D /* OSLog.swift */ = {isa = PBXFileReference; lastKnownFileType = sourcecode.swift; path = OSLog.swift; sourceTree = "<group>"; };
		5CCBF8882B0FA27200790C8D /* NetworkManager.swift */ = {isa = PBXFileReference; lastKnownFileType = sourcecode.swift; path = NetworkManager.swift; sourceTree = "<group>"; };
		5CCBF88A2B0FA34700790C8D /* Base.xcconfig */ = {isa = PBXFileReference; lastKnownFileType = text.xcconfig; path = Base.xcconfig; sourceTree = "<group>"; };
		5CCBF88C2B0FA6B600790C8D /* EmptyResponse.swift */ = {isa = PBXFileReference; lastKnownFileType = sourcecode.swift; path = EmptyResponse.swift; sourceTree = "<group>"; };
		5CCBF88E2B0FA6DA00790C8D /* AuthResponse.swift */ = {isa = PBXFileReference; lastKnownFileType = sourcecode.swift; path = AuthResponse.swift; sourceTree = "<group>"; };
		5CCBF8902B0FA71600790C8D /* DataResponse.swift */ = {isa = PBXFileReference; lastKnownFileType = sourcecode.swift; path = DataResponse.swift; sourceTree = "<group>"; };
		5CCBF8922B10CBC900790C8D /* DateFormatter.swift */ = {isa = PBXFileReference; lastKnownFileType = sourcecode.swift; path = DateFormatter.swift; sourceTree = "<group>"; };
		5CCBF8942B135A1000790C8D /* TodosResponse.swift */ = {isa = PBXFileReference; lastKnownFileType = sourcecode.swift; path = TodosResponse.swift; sourceTree = "<group>"; };
		5CCBF8962B164F6500790C8D /* SplashScreen.storyboard */ = {isa = PBXFileReference; lastKnownFileType = file.storyboard; path = SplashScreen.storyboard; sourceTree = "<group>"; };
		5CCBF8992B164F7D00790C8D /* SplashViewController.swift */ = {isa = PBXFileReference; lastKnownFileType = sourcecode.swift; path = SplashViewController.swift; sourceTree = "<group>"; };
		5CCBF89B2B164FCC00790C8D /* UserManager.swift */ = {isa = PBXFileReference; lastKnownFileType = sourcecode.swift; path = UserManager.swift; sourceTree = "<group>"; };
		5CCBF89D2B18E5FD00790C8D /* LoadingIndicatorImageView.swift */ = {isa = PBXFileReference; fileEncoding = 4; lastKnownFileType = sourcecode.swift; path = LoadingIndicatorImageView.swift; sourceTree = "<group>"; };
		5CCBF8A12B18E9AA00790C8D /* StatefullView.swift */ = {isa = PBXFileReference; fileEncoding = 4; lastKnownFileType = sourcecode.swift; path = StatefullView.swift; sourceTree = "<group>"; };
		5CCD1C262AF6B3BE002C7FAF /* SignUpViewController.swift */ = {isa = PBXFileReference; lastKnownFileType = sourcecode.swift; path = SignUpViewController.swift; sourceTree = "<group>"; };
		5CE2342B2AF166AE0097AB36 /* Localizable.strings */ = {isa = PBXFileReference; lastKnownFileType = text.plist.strings; path = Localizable.strings; sourceTree = "<group>"; };
		5CE2342D2AF166FA0097AB36 /* L10n.swift */ = {isa = PBXFileReference; lastKnownFileType = sourcecode.swift; path = L10n.swift; sourceTree = "<group>"; };
		5CE2342F2AF168EA0097AB36 /* Main.storyboard */ = {isa = PBXFileReference; lastKnownFileType = file.storyboard; path = Main.storyboard; sourceTree = "<group>"; };
		5CE234312AF1692A0097AB36 /* MainViewController.swift */ = {isa = PBXFileReference; lastKnownFileType = sourcecode.swift; path = MainViewController.swift; sourceTree = "<group>"; };
		5CE234362AF3F2800097AB36 /* ParenyViewController.swift */ = {isa = PBXFileReference; lastKnownFileType = sourcecode.swift; path = ParenyViewController.swift; sourceTree = "<group>"; };
		5CE234392AF3F3660097AB36 /* TextField.swift */ = {isa = PBXFileReference; lastKnownFileType = sourcecode.swift; path = TextField.swift; sourceTree = "<group>"; };
		5CE2343C2AF3FE400097AB36 /* TextInput.swift */ = {isa = PBXFileReference; lastKnownFileType = sourcecode.swift; path = TextInput.swift; sourceTree = "<group>"; };
/* End PBXFileReference section */

/* Begin PBXFrameworksBuildPhase section */
		5C151E1D2AEAB8E1009684FE /* Frameworks */ = {
			isa = PBXFrameworksBuildPhase;
			buildActionMask = 2147483647;
			files = (
			);
			runOnlyForDeploymentPostprocessing = 0;
		};
		5C151E332AEAB8E5009684FE /* Frameworks */ = {
			isa = PBXFrameworksBuildPhase;
			buildActionMask = 2147483647;
			files = (
			);
			runOnlyForDeploymentPostprocessing = 0;
		};
		5C151E3D2AEAB8E5009684FE /* Frameworks */ = {
			isa = PBXFrameworksBuildPhase;
			buildActionMask = 2147483647;
			files = (
			);
			runOnlyForDeploymentPostprocessing = 0;
		};
/* End PBXFrameworksBuildPhase section */

/* Begin PBXGroup section */
		5C151E172AEAB8E1009684FE = {
			isa = PBXGroup;
			children = (
				5C151E222AEAB8E1009684FE /* todo */,
				5C151E392AEAB8E5009684FE /* todoTests */,
				5C151E432AEAB8E5009684FE /* todoUITests */,
				5C151E212AEAB8E1009684FE /* Products */,
			);
			sourceTree = "<group>";
		};
		5C151E212AEAB8E1009684FE /* Products */ = {
			isa = PBXGroup;
			children = (
				5C151E202AEAB8E1009684FE /* todo.app */,
				5C151E362AEAB8E5009684FE /* todoTests.xctest */,
				5C151E402AEAB8E5009684FE /* todoUITests.xctest */,
			);
			name = Products;
			sourceTree = "<group>";
		};
		5C151E222AEAB8E1009684FE /* todo */ = {
			isa = PBXGroup;
			children = (
				5CCBF8872B0FA26000790C8D /* Network */,
				5CCBF8842B0FA20400790C8D /* Managers */,
				5CE2343E2AF406EB0097AB36 /* Extensions */,
				5CE234382AF3F32D0097AB36 /* UIKit */,
				5CE234252AF163F10097AB36 /* Classes */,
				5CE234292AF164420097AB36 /* Resources */,
				5C151E232AEAB8E2009684FE /* AppDelegate.swift */,
				5C151E252AEAB8E2009684FE /* SceneDelegate.swift */,
			);
			path = todo;
			sourceTree = "<group>";
		};
		5C151E392AEAB8E5009684FE /* todoTests */ = {
			isa = PBXGroup;
			children = (
				5C151E3A2AEAB8E5009684FE /* todoTests.swift */,
			);
			path = todoTests;
			sourceTree = "<group>";
		};
		5C151E432AEAB8E5009684FE /* todoUITests */ = {
			isa = PBXGroup;
			children = (
				5C151E442AEAB8E5009684FE /* todoUITests.swift */,
				5C151E462AEAB8E5009684FE /* todoUITestsLaunchTests.swift */,
			);
			path = todoUITests;
			sourceTree = "<group>";
		};
		5C50A3042AFD355E00EEE149 /* Business */ = {
			isa = PBXGroup;
			children = (
				5C50A3052AFD358000EEE149 /* ValidationManager.swift */,
				5CCBF89B2B164FCC00790C8D /* UserManager.swift */,
			);
			path = Business;
			sourceTree = "<group>";
		};
		5C50A3072AFD381000EEE149 /* Button */ = {
			isa = PBXGroup;
			children = (
				5C50A3012AFD33AE00EEE149 /* MainButton.swift */,
				5C50A3002AFD33AE00EEE149 /* PrimaryButton.swift */,
				5C50A30E2B026C4C00EEE149 /* TextButton.swift */,
			);
			path = Button;
			sourceTree = "<group>";
		};
		5C50A3142B05045700EEE149 /* Empty */ = {
			isa = PBXGroup;
			children = (
				5C50A3152B05048400EEE149 /* EmptyViewController.swift */,
			);
			path = Empty;
			sourceTree = "<group>";
		};
		5C50A3172B05095A00EEE149 /* Cell */ = {
			isa = PBXGroup;
			children = (
				5C50A3182B0509A200EEE149 /* MainItemCell.xib */,
				5C50A31A2B0509C300EEE149 /* MainItemCell.swift */,
			);
			path = Cell;
			sourceTree = "<group>";
		};
		5C50A31E2B06684A00EEE149 /* NewItem */ = {
			isa = PBXGroup;
			children = (
				5C50A31F2B06686200EEE149 /* NewItemViewController.swift */,
			);
			path = NewItem;
			sourceTree = "<group>";
		};
		5CCB523D2B1CD46F00F3A281 /* Request */ = {
			isa = PBXGroup;
			children = (
				5CCB523E2B1CD49300F3A281 /* SignUpRequest.swift */,
				5CCB52402B1CD4BC00F3A281 /* SignInRequest.swift */,
				5CCB52422B1CD4CF00F3A281 /* TodosRequest.swift */,
			);
			path = Request;
			sourceTree = "<group>";
		};
		5CCBF8842B0FA20400790C8D /* Managers */ = {
			isa = PBXGroup;
			children = (
				5CCBF8852B0FA21900790C8D /* OSLog.swift */,
			);
			path = Managers;
			sourceTree = "<group>";
		};
		5CCBF8872B0FA26000790C8D /* Network */ = {
			isa = PBXGroup;
			children = (
				5CCB523D2B1CD46F00F3A281 /* Request */,
				5CCBF88B2B0FA67B00790C8D /* Responses */,
				5CCBF8882B0FA27200790C8D /* NetworkManager.swift */,
			);
			path = Network;
			sourceTree = "<group>";
		};
		5CCBF88B2B0FA67B00790C8D /* Responses */ = {
			isa = PBXGroup;
			children = (
				5CCBF88C2B0FA6B600790C8D /* EmptyResponse.swift */,
				5CCBF88E2B0FA6DA00790C8D /* AuthResponse.swift */,
				5CCBF8902B0FA71600790C8D /* DataResponse.swift */,
				5CCBF8942B135A1000790C8D /* TodosResponse.swift */,
			);
			path = Responses;
			sourceTree = "<group>";
		};
		5CCBF8982B164F6D00790C8D /* SplashScreen */ = {
			isa = PBXGroup;
			children = (
				5CCBF8992B164F7D00790C8D /* SplashViewController.swift */,
			);
			path = SplashScreen;
			sourceTree = "<group>";
		};
		5CCD1C252AF6B397002C7FAF /* SignUp */ = {
			isa = PBXGroup;
			children = (
				5CCD1C262AF6B3BE002C7FAF /* SignUpViewController.swift */,
			);
			path = SignUp;
			sourceTree = "<group>";
		};
		5CE234252AF163F10097AB36 /* Classes */ = {
			isa = PBXGroup;
			children = (
				5C50A3042AFD355E00EEE149 /* Business */,
				5CE234262AF164190097AB36 /* Modules */,
			);
			path = Classes;
			sourceTree = "<group>";
		};
		5CE234262AF164190097AB36 /* Modules */ = {
			isa = PBXGroup;
			children = (
				5CCBF8982B164F6D00790C8D /* SplashScreen */,
				5C50A31E2B06684A00EEE149 /* NewItem */,
				5C50A3142B05045700EEE149 /* Empty */,
				5CCD1C252AF6B397002C7FAF /* SignUp */,
				5CE234352AF3F2650097AB36 /* Parent */,
				5CE234282AF164310097AB36 /* Main */,
				5CE234272AF164250097AB36 /* Auth */,
			);
			path = Modules;
			sourceTree = "<group>";
		};
		5CE234272AF164250097AB36 /* Auth */ = {
			isa = PBXGroup;
			children = (
				5C151E272AEAB8E2009684FE /* AuthViewController.swift */,
			);
			path = Auth;
			sourceTree = "<group>";
		};
		5CE234282AF164310097AB36 /* Main */ = {
			isa = PBXGroup;
			children = (
				5C50A3172B05095A00EEE149 /* Cell */,
				5CE234312AF1692A0097AB36 /* MainViewController.swift */,
			);
			path = Main;
			sourceTree = "<group>";
		};
		5CE234292AF164420097AB36 /* Resources */ = {
			isa = PBXGroup;
			children = (
				5CCBF8822B0FA1E200790C8D /* PlistFiles.swift */,
				5C151E2C2AEAB8E4009684FE /* Assets.xcassets */,
				5C151E312AEAB8E4009684FE /* Info.plist */,
				5CE2342A2AF1645D0097AB36 /* Storyboards */,
				5CE2342B2AF166AE0097AB36 /* Localizable.strings */,
				5CE2342D2AF166FA0097AB36 /* L10n.swift */,
				5CCBF88A2B0FA34700790C8D /* Base.xcconfig */,
			);
			path = Resources;
			sourceTree = "<group>";
		};
		5CE2342A2AF1645D0097AB36 /* Storyboards */ = {
			isa = PBXGroup;
			children = (
				5C50A30B2B01329C00EEE149 /* Auth.storyboard */,
				5C50A30D2B0132A100EEE149 /* LaunchScreen.storyboard */,
				5CE2342F2AF168EA0097AB36 /* Main.storyboard */,
				5C50A3092B01329100EEE149 /* SignUp.storyboard */,
				5C50A3122B04FFF900EEE149 /* Empty.storyboard */,
				5C50A3212B06689000EEE149 /* NewItem.storyboard */,
				5CCBF8962B164F6500790C8D /* SplashScreen.storyboard */,
			);
			path = Storyboards;
			sourceTree = "<group>";
		};
		5CE234352AF3F2650097AB36 /* Parent */ = {
			isa = PBXGroup;
			children = (
				5CE234362AF3F2800097AB36 /* ParenyViewController.swift */,
			);
			path = Parent;
			sourceTree = "<group>";
		};
		5CE234382AF3F32D0097AB36 /* UIKit */ = {
			isa = PBXGroup;
			children = (
				5C50A3072AFD381000EEE149 /* Button */,
				5CE234392AF3F3660097AB36 /* TextField.swift */,
				5CE2343C2AF3FE400097AB36 /* TextInput.swift */,
				5C50A3102B02DB7F00EEE149 /* TextViewInput.swift */,
				5CCBF89D2B18E5FD00790C8D /* LoadingIndicatorImageView.swift */,
				5CCBF8A12B18E9AA00790C8D /* StatefullView.swift */,
			);
			path = UIKit;
			sourceTree = "<group>";
		};
		5CE2343E2AF406EB0097AB36 /* Extensions */ = {
			isa = PBXGroup;
			children = (
				5CCBF8922B10CBC900790C8D /* DateFormatter.swift */,
				5C54AEF42B21398B004CA56E /* UIViewController+Keyboard.swift */,
			);
			path = Extensions;
			sourceTree = "<group>";
		};
/* End PBXGroup section */

/* Begin PBXNativeTarget section */
		5C151E1F2AEAB8E1009684FE /* todo */ = {
			isa = PBXNativeTarget;
			buildConfigurationList = 5C151E4A2AEAB8E5009684FE /* Build configuration list for PBXNativeTarget "todo" */;
			buildPhases = (
				5C151E1C2AEAB8E1009684FE /* Sources */,
				5C151E1D2AEAB8E1009684FE /* Frameworks */,
				5C151E1E2AEAB8E1009684FE /* Resources */,
			);
			buildRules = (
			);
			dependencies = (
			);
			name = todo;
			productName = todo;
			productReference = 5C151E202AEAB8E1009684FE /* todo.app */;
			productType = "com.apple.product-type.application";
		};
		5C151E352AEAB8E5009684FE /* todoTests */ = {
			isa = PBXNativeTarget;
			buildConfigurationList = 5C151E4D2AEAB8E5009684FE /* Build configuration list for PBXNativeTarget "todoTests" */;
			buildPhases = (
				5C151E322AEAB8E5009684FE /* Sources */,
				5C151E332AEAB8E5009684FE /* Frameworks */,
				5C151E342AEAB8E5009684FE /* Resources */,
			);
			buildRules = (
			);
			dependencies = (
				5C151E382AEAB8E5009684FE /* PBXTargetDependency */,
			);
			name = todoTests;
			productName = todoTests;
			productReference = 5C151E362AEAB8E5009684FE /* todoTests.xctest */;
			productType = "com.apple.product-type.bundle.unit-test";
		};
		5C151E3F2AEAB8E5009684FE /* todoUITests */ = {
			isa = PBXNativeTarget;
			buildConfigurationList = 5C151E502AEAB8E5009684FE /* Build configuration list for PBXNativeTarget "todoUITests" */;
			buildPhases = (
				5C151E3C2AEAB8E5009684FE /* Sources */,
				5C151E3D2AEAB8E5009684FE /* Frameworks */,
				5C151E3E2AEAB8E5009684FE /* Resources */,
			);
			buildRules = (
			);
			dependencies = (
				5C151E422AEAB8E5009684FE /* PBXTargetDependency */,
			);
			name = todoUITests;
			productName = todoUITests;
			productReference = 5C151E402AEAB8E5009684FE /* todoUITests.xctest */;
			productType = "com.apple.product-type.bundle.ui-testing";
		};
/* End PBXNativeTarget section */

/* Begin PBXProject section */
		5C151E182AEAB8E1009684FE /* Project object */ = {
			isa = PBXProject;
			attributes = {
				BuildIndependentTargetsInParallel = 1;
				LastSwiftUpdateCheck = 1500;
				LastUpgradeCheck = 1500;
				TargetAttributes = {
					5C151E1F2AEAB8E1009684FE = {
						CreatedOnToolsVersion = 15.0;
					};
					5C151E352AEAB8E5009684FE = {
						CreatedOnToolsVersion = 15.0;
						TestTargetID = 5C151E1F2AEAB8E1009684FE;
					};
					5C151E3F2AEAB8E5009684FE = {
						CreatedOnToolsVersion = 15.0;
						TestTargetID = 5C151E1F2AEAB8E1009684FE;
					};
				};
			};
			buildConfigurationList = 5C151E1B2AEAB8E1009684FE /* Build configuration list for PBXProject "todo" */;
			compatibilityVersion = "Xcode 14.0";
			developmentRegion = en;
			hasScannedForEncodings = 0;
			knownRegions = (
				en,
				Base,
			);
			mainGroup = 5C151E172AEAB8E1009684FE;
			productRefGroup = 5C151E212AEAB8E1009684FE /* Products */;
			projectDirPath = "";
			projectRoot = "";
			targets = (
				5C151E1F2AEAB8E1009684FE /* todo */,
				5C151E352AEAB8E5009684FE /* todoTests */,
				5C151E3F2AEAB8E5009684FE /* todoUITests */,
			);
		};
/* End PBXProject section */

/* Begin PBXResourcesBuildPhase section */
		5C151E1E2AEAB8E1009684FE /* Resources */ = {
			isa = PBXResourcesBuildPhase;
			buildActionMask = 2147483647;
			files = (
				5C50A30C2B0132A100EEE149 /* LaunchScreen.storyboard in Resources */,
				5C50A3132B04FFF900EEE149 /* Empty.storyboard in Resources */,
				5CE234302AF168EA0097AB36 /* Main.storyboard in Resources */,
				5CCBF8972B164F6500790C8D /* SplashScreen.storyboard in Resources */,
				5C50A3082B01329100EEE149 /* SignUp.storyboard in Resources */,
				5C50A3222B06689000EEE149 /* NewItem.storyboard in Resources */,
				5CE2342C2AF166AE0097AB36 /* Localizable.strings in Resources */,
				5C50A3192B0509A200EEE149 /* MainItemCell.xib in Resources */,
				5C151E2D2AEAB8E4009684FE /* Assets.xcassets in Resources */,
				5C50A30A2B01329C00EEE149 /* Auth.storyboard in Resources */,
			);
			runOnlyForDeploymentPostprocessing = 0;
		};
		5C151E342AEAB8E5009684FE /* Resources */ = {
			isa = PBXResourcesBuildPhase;
			buildActionMask = 2147483647;
			files = (
			);
			runOnlyForDeploymentPostprocessing = 0;
		};
		5C151E3E2AEAB8E5009684FE /* Resources */ = {
			isa = PBXResourcesBuildPhase;
			buildActionMask = 2147483647;
			files = (
			);
			runOnlyForDeploymentPostprocessing = 0;
		};
/* End PBXResourcesBuildPhase section */

/* Begin PBXSourcesBuildPhase section */
		5C151E1C2AEAB8E1009684FE /* Sources */ = {
			isa = PBXSourcesBuildPhase;
			buildActionMask = 2147483647;
			files = (
				5CE2342E2AF166FA0097AB36 /* L10n.swift in Sources */,
				5C50A3022AFD33AE00EEE149 /* PrimaryButton.swift in Sources */,
				5C50A3112B02DB7F00EEE149 /* TextViewInput.swift in Sources */,
				5CCBF89E2B18E5FD00790C8D /* LoadingIndicatorImageView.swift in Sources */,
				5CCBF8892B0FA27200790C8D /* NetworkManager.swift in Sources */,
				5C50A30F2B026C4C00EEE149 /* TextButton.swift in Sources */,
				5CE234372AF3F2800097AB36 /* ParenyViewController.swift in Sources */,
				5CCBF8A22B18E9AA00790C8D /* StatefullView.swift in Sources */,
				5CCBF8932B10CBC900790C8D /* DateFormatter.swift in Sources */,
				5C151E282AEAB8E2009684FE /* AuthViewController.swift in Sources */,
				5CE2343A2AF3F3660097AB36 /* TextField.swift in Sources */,
				5CCD1C272AF6B3BE002C7FAF /* SignUpViewController.swift in Sources */,
				5CCBF8832B0FA1E200790C8D /* PlistFiles.swift in Sources */,
				5C50A31B2B0509C300EEE149 /* MainItemCell.swift in Sources */,
				5C151E242AEAB8E2009684FE /* AppDelegate.swift in Sources */,
				5C50A3032AFD33AE00EEE149 /* MainButton.swift in Sources */,
				5C54AEF52B21398B004CA56E /* UIViewController+Keyboard.swift in Sources */,
				5CCB523F2B1CD49400F3A281 /* SignUpRequest.swift in Sources */,
				5C50A3062AFD358000EEE149 /* ValidationManager.swift in Sources */,
				5CCBF8862B0FA21900790C8D /* OSLog.swift in Sources */,
				5CCBF88D2B0FA6B600790C8D /* EmptyResponse.swift in Sources */,
				5CCBF89C2B164FCC00790C8D /* UserManager.swift in Sources */,
				5CCB52432B1CD4CF00F3A281 /* TodosRequest.swift in Sources */,
				5C151E262AEAB8E2009684FE /* SceneDelegate.swift in Sources */,
				5C50A3202B06686200EEE149 /* NewItemViewController.swift in Sources */,
				5CCBF89A2B164F7D00790C8D /* SplashViewController.swift in Sources */,
				5CE234322AF1692A0097AB36 /* MainViewController.swift in Sources */,
				5C50A3162B05048400EEE149 /* EmptyViewController.swift in Sources */,
				5CCBF88F2B0FA6DB00790C8D /* AuthResponse.swift in Sources */,
				5CCBF8912B0FA71600790C8D /* DataResponse.swift in Sources */,
				5CCBF8952B135A1000790C8D /* TodosResponse.swift in Sources */,
				5CE2343D2AF3FE400097AB36 /* TextInput.swift in Sources */,
				5CCB52412B1CD4BC00F3A281 /* SignInRequest.swift in Sources */,
			);
			runOnlyForDeploymentPostprocessing = 0;
		};
		5C151E322AEAB8E5009684FE /* Sources */ = {
			isa = PBXSourcesBuildPhase;
			buildActionMask = 2147483647;
			files = (
				5C151E3B2AEAB8E5009684FE /* todoTests.swift in Sources */,
			);
			runOnlyForDeploymentPostprocessing = 0;
		};
		5C151E3C2AEAB8E5009684FE /* Sources */ = {
			isa = PBXSourcesBuildPhase;
			buildActionMask = 2147483647;
			files = (
				5C151E472AEAB8E5009684FE /* todoUITestsLaunchTests.swift in Sources */,
				5C151E452AEAB8E5009684FE /* todoUITests.swift in Sources */,
			);
			runOnlyForDeploymentPostprocessing = 0;
		};
/* End PBXSourcesBuildPhase section */

/* Begin PBXTargetDependency section */
		5C151E382AEAB8E5009684FE /* PBXTargetDependency */ = {
			isa = PBXTargetDependency;
			target = 5C151E1F2AEAB8E1009684FE /* todo */;
			targetProxy = 5C151E372AEAB8E5009684FE /* PBXContainerItemProxy */;
		};
		5C151E422AEAB8E5009684FE /* PBXTargetDependency */ = {
			isa = PBXTargetDependency;
			target = 5C151E1F2AEAB8E1009684FE /* todo */;
			targetProxy = 5C151E412AEAB8E5009684FE /* PBXContainerItemProxy */;
		};
/* End PBXTargetDependency section */

/* Begin XCBuildConfiguration section */
		5C151E482AEAB8E5009684FE /* Debug */ = {
			isa = XCBuildConfiguration;
			baseConfigurationReference = 5CCBF88A2B0FA34700790C8D /* Base.xcconfig */;
			buildSettings = {
				ALWAYS_SEARCH_USER_PATHS = NO;
				ASSETCATALOG_COMPILER_GENERATE_SWIFT_ASSET_SYMBOL_EXTENSIONS = YES;
				CLANG_ANALYZER_NONNULL = YES;
				CLANG_ANALYZER_NUMBER_OBJECT_CONVERSION = YES_AGGRESSIVE;
				CLANG_CXX_LANGUAGE_STANDARD = "gnu++20";
				CLANG_ENABLE_MODULES = YES;
				CLANG_ENABLE_OBJC_ARC = YES;
				CLANG_ENABLE_OBJC_WEAK = YES;
				CLANG_WARN_BLOCK_CAPTURE_AUTORELEASING = YES;
				CLANG_WARN_BOOL_CONVERSION = YES;
				CLANG_WARN_COMMA = YES;
				CLANG_WARN_CONSTANT_CONVERSION = YES;
				CLANG_WARN_DEPRECATED_OBJC_IMPLEMENTATIONS = YES;
				CLANG_WARN_DIRECT_OBJC_ISA_USAGE = YES_ERROR;
				CLANG_WARN_DOCUMENTATION_COMMENTS = YES;
				CLANG_WARN_EMPTY_BODY = YES;
				CLANG_WARN_ENUM_CONVERSION = YES;
				CLANG_WARN_INFINITE_RECURSION = YES;
				CLANG_WARN_INT_CONVERSION = YES;
				CLANG_WARN_NON_LITERAL_NULL_CONVERSION = YES;
				CLANG_WARN_OBJC_IMPLICIT_RETAIN_SELF = YES;
				CLANG_WARN_OBJC_LITERAL_CONVERSION = YES;
				CLANG_WARN_OBJC_ROOT_CLASS = YES_ERROR;
				CLANG_WARN_QUOTED_INCLUDE_IN_FRAMEWORK_HEADER = YES;
				CLANG_WARN_RANGE_LOOP_ANALYSIS = YES;
				CLANG_WARN_STRICT_PROTOTYPES = YES;
				CLANG_WARN_SUSPICIOUS_MOVE = YES;
				CLANG_WARN_UNGUARDED_AVAILABILITY = YES_AGGRESSIVE;
				CLANG_WARN_UNREACHABLE_CODE = YES;
				CLANG_WARN__DUPLICATE_METHOD_MATCH = YES;
				COPY_PHASE_STRIP = NO;
				DEBUG_INFORMATION_FORMAT = dwarf;
				ENABLE_STRICT_OBJC_MSGSEND = YES;
				ENABLE_TESTABILITY = YES;
				ENABLE_USER_SCRIPT_SANDBOXING = YES;
				GCC_C_LANGUAGE_STANDARD = gnu17;
				GCC_DYNAMIC_NO_PIC = NO;
				GCC_NO_COMMON_BLOCKS = YES;
				GCC_OPTIMIZATION_LEVEL = 0;
				GCC_PREPROCESSOR_DEFINITIONS = (
					"DEBUG=1",
					"$(inherited)",
				);
				GCC_WARN_64_TO_32_BIT_CONVERSION = YES;
				GCC_WARN_ABOUT_RETURN_TYPE = YES_ERROR;
				GCC_WARN_UNDECLARED_SELECTOR = YES;
				GCC_WARN_UNINITIALIZED_AUTOS = YES_AGGRESSIVE;
				GCC_WARN_UNUSED_FUNCTION = YES;
				GCC_WARN_UNUSED_VARIABLE = YES;
				IPHONEOS_DEPLOYMENT_TARGET = 17.0;
				LOCALIZATION_PREFERS_STRING_CATALOGS = YES;
				MTL_ENABLE_DEBUG_INFO = INCLUDE_SOURCE;
				MTL_FAST_MATH = YES;
				ONLY_ACTIVE_ARCH = YES;
				SDKROOT = iphoneos;
				SWIFT_ACTIVE_COMPILATION_CONDITIONS = "DEBUG $(inherited)";
				SWIFT_OPTIMIZATION_LEVEL = "-Onone";
			};
			name = Debug;
		};
		5C151E492AEAB8E5009684FE /* Release */ = {
			isa = XCBuildConfiguration;
			buildSettings = {
				ALWAYS_SEARCH_USER_PATHS = NO;
				ASSETCATALOG_COMPILER_GENERATE_SWIFT_ASSET_SYMBOL_EXTENSIONS = YES;
				CLANG_ANALYZER_NONNULL = YES;
				CLANG_ANALYZER_NUMBER_OBJECT_CONVERSION = YES_AGGRESSIVE;
				CLANG_CXX_LANGUAGE_STANDARD = "gnu++20";
				CLANG_ENABLE_MODULES = YES;
				CLANG_ENABLE_OBJC_ARC = YES;
				CLANG_ENABLE_OBJC_WEAK = YES;
				CLANG_WARN_BLOCK_CAPTURE_AUTORELEASING = YES;
				CLANG_WARN_BOOL_CONVERSION = YES;
				CLANG_WARN_COMMA = YES;
				CLANG_WARN_CONSTANT_CONVERSION = YES;
				CLANG_WARN_DEPRECATED_OBJC_IMPLEMENTATIONS = YES;
				CLANG_WARN_DIRECT_OBJC_ISA_USAGE = YES_ERROR;
				CLANG_WARN_DOCUMENTATION_COMMENTS = YES;
				CLANG_WARN_EMPTY_BODY = YES;
				CLANG_WARN_ENUM_CONVERSION = YES;
				CLANG_WARN_INFINITE_RECURSION = YES;
				CLANG_WARN_INT_CONVERSION = YES;
				CLANG_WARN_NON_LITERAL_NULL_CONVERSION = YES;
				CLANG_WARN_OBJC_IMPLICIT_RETAIN_SELF = YES;
				CLANG_WARN_OBJC_LITERAL_CONVERSION = YES;
				CLANG_WARN_OBJC_ROOT_CLASS = YES_ERROR;
				CLANG_WARN_QUOTED_INCLUDE_IN_FRAMEWORK_HEADER = YES;
				CLANG_WARN_RANGE_LOOP_ANALYSIS = YES;
				CLANG_WARN_STRICT_PROTOTYPES = YES;
				CLANG_WARN_SUSPICIOUS_MOVE = YES;
				CLANG_WARN_UNGUARDED_AVAILABILITY = YES_AGGRESSIVE;
				CLANG_WARN_UNREACHABLE_CODE = YES;
				CLANG_WARN__DUPLICATE_METHOD_MATCH = YES;
				COPY_PHASE_STRIP = NO;
				DEBUG_INFORMATION_FORMAT = "dwarf-with-dsym";
				ENABLE_NS_ASSERTIONS = NO;
				ENABLE_STRICT_OBJC_MSGSEND = YES;
				ENABLE_USER_SCRIPT_SANDBOXING = YES;
				GCC_C_LANGUAGE_STANDARD = gnu17;
				GCC_NO_COMMON_BLOCKS = YES;
				GCC_WARN_64_TO_32_BIT_CONVERSION = YES;
				GCC_WARN_ABOUT_RETURN_TYPE = YES_ERROR;
				GCC_WARN_UNDECLARED_SELECTOR = YES;
				GCC_WARN_UNINITIALIZED_AUTOS = YES_AGGRESSIVE;
				GCC_WARN_UNUSED_FUNCTION = YES;
				GCC_WARN_UNUSED_VARIABLE = YES;
				IPHONEOS_DEPLOYMENT_TARGET = 17.0;
				LOCALIZATION_PREFERS_STRING_CATALOGS = YES;
				MTL_ENABLE_DEBUG_INFO = NO;
				MTL_FAST_MATH = YES;
				SDKROOT = iphoneos;
				SWIFT_COMPILATION_MODE = wholemodule;
				VALIDATE_PRODUCT = YES;
			};
			name = Release;
		};
		5C151E4B2AEAB8E5009684FE /* Debug */ = {
			isa = XCBuildConfiguration;
			buildSettings = {
				ASSETCATALOG_COMPILER_APPICON_NAME = AppIcon;
				ASSETCATALOG_COMPILER_GLOBAL_ACCENT_COLOR_NAME = AccentColor;
				CODE_SIGN_STYLE = Automatic;
				CURRENT_PROJECT_VERSION = 1;
				GENERATE_INFOPLIST_FILE = YES;
				INFOPLIST_FILE = todo/Resources/Info.plist;
				INFOPLIST_KEY_UIApplicationSupportsIndirectInputEvents = YES;
				INFOPLIST_KEY_UILaunchStoryboardName = LaunchScreen;
				INFOPLIST_KEY_UISupportedInterfaceOrientations_iPad = "UIInterfaceOrientationPortrait UIInterfaceOrientationPortraitUpsideDown UIInterfaceOrientationLandscapeLeft UIInterfaceOrientationLandscapeRight";
				INFOPLIST_KEY_UISupportedInterfaceOrientations_iPhone = "UIInterfaceOrientationPortrait UIInterfaceOrientationLandscapeLeft UIInterfaceOrientationLandscapeRight";
				LD_RUNPATH_SEARCH_PATHS = (
					"$(inherited)",
					"@executable_path/Frameworks",
				);
				MARKETING_VERSION = 1.0;
				PRODUCT_BUNDLE_IDENTIFIER = "-2345.todo";
				PRODUCT_NAME = "$(TARGET_NAME)";
				SWIFT_EMIT_LOC_STRINGS = YES;
				SWIFT_VERSION = 5.0;
				TARGETED_DEVICE_FAMILY = "1,2";
			};
			name = Debug;
		};
		5C151E4C2AEAB8E5009684FE /* Release */ = {
			isa = XCBuildConfiguration;
			buildSettings = {
				ASSETCATALOG_COMPILER_APPICON_NAME = AppIcon;
				ASSETCATALOG_COMPILER_GLOBAL_ACCENT_COLOR_NAME = AccentColor;
				CODE_SIGN_STYLE = Automatic;
				CURRENT_PROJECT_VERSION = 1;
				GENERATE_INFOPLIST_FILE = YES;
				INFOPLIST_FILE = todo/Resources/Info.plist;
				INFOPLIST_KEY_UIApplicationSupportsIndirectInputEvents = YES;
				INFOPLIST_KEY_UILaunchStoryboardName = LaunchScreen;
				INFOPLIST_KEY_UISupportedInterfaceOrientations_iPad = "UIInterfaceOrientationPortrait UIInterfaceOrientationPortraitUpsideDown UIInterfaceOrientationLandscapeLeft UIInterfaceOrientationLandscapeRight";
				INFOPLIST_KEY_UISupportedInterfaceOrientations_iPhone = "UIInterfaceOrientationPortrait UIInterfaceOrientationLandscapeLeft UIInterfaceOrientationLandscapeRight";
				LD_RUNPATH_SEARCH_PATHS = (
					"$(inherited)",
					"@executable_path/Frameworks",
				);
				MARKETING_VERSION = 1.0;
				PRODUCT_BUNDLE_IDENTIFIER = "-2345.todo";
				PRODUCT_NAME = "$(TARGET_NAME)";
				SWIFT_EMIT_LOC_STRINGS = YES;
				SWIFT_VERSION = 5.0;
				TARGETED_DEVICE_FAMILY = "1,2";
			};
			name = Release;
		};
		5C151E4E2AEAB8E5009684FE /* Debug */ = {
			isa = XCBuildConfiguration;
			buildSettings = {
				ALWAYS_EMBED_SWIFT_STANDARD_LIBRARIES = YES;
				BUNDLE_LOADER = "$(TEST_HOST)";
				CODE_SIGN_STYLE = Automatic;
				CURRENT_PROJECT_VERSION = 1;
				GENERATE_INFOPLIST_FILE = YES;
				IPHONEOS_DEPLOYMENT_TARGET = 17.0;
				MARKETING_VERSION = 1.0;
				PRODUCT_BUNDLE_IDENTIFIER = "-2345.todoTests";
				PRODUCT_NAME = "$(TARGET_NAME)";
				SWIFT_EMIT_LOC_STRINGS = NO;
				SWIFT_VERSION = 5.0;
				TARGETED_DEVICE_FAMILY = "1,2";
				TEST_HOST = "$(BUILT_PRODUCTS_DIR)/todo.app/$(BUNDLE_EXECUTABLE_FOLDER_PATH)/todo";
			};
			name = Debug;
		};
		5C151E4F2AEAB8E5009684FE /* Release */ = {
			isa = XCBuildConfiguration;
			buildSettings = {
				ALWAYS_EMBED_SWIFT_STANDARD_LIBRARIES = YES;
				BUNDLE_LOADER = "$(TEST_HOST)";
				CODE_SIGN_STYLE = Automatic;
				CURRENT_PROJECT_VERSION = 1;
				GENERATE_INFOPLIST_FILE = YES;
				IPHONEOS_DEPLOYMENT_TARGET = 17.0;
				MARKETING_VERSION = 1.0;
				PRODUCT_BUNDLE_IDENTIFIER = "-2345.todoTests";
				PRODUCT_NAME = "$(TARGET_NAME)";
				SWIFT_EMIT_LOC_STRINGS = NO;
				SWIFT_VERSION = 5.0;
				TARGETED_DEVICE_FAMILY = "1,2";
				TEST_HOST = "$(BUILT_PRODUCTS_DIR)/todo.app/$(BUNDLE_EXECUTABLE_FOLDER_PATH)/todo";
			};
			name = Release;
		};
		5C151E512AEAB8E5009684FE /* Debug */ = {
			isa = XCBuildConfiguration;
			buildSettings = {
				ALWAYS_EMBED_SWIFT_STANDARD_LIBRARIES = YES;
				CODE_SIGN_STYLE = Automatic;
				CURRENT_PROJECT_VERSION = 1;
				GENERATE_INFOPLIST_FILE = YES;
				MARKETING_VERSION = 1.0;
				PRODUCT_BUNDLE_IDENTIFIER = "-2345.todoUITests";
				PRODUCT_NAME = "$(TARGET_NAME)";
				SWIFT_EMIT_LOC_STRINGS = NO;
				SWIFT_VERSION = 5.0;
				TARGETED_DEVICE_FAMILY = "1,2";
				TEST_TARGET_NAME = todo;
			};
			name = Debug;
		};
		5C151E522AEAB8E5009684FE /* Release */ = {
			isa = XCBuildConfiguration;
			buildSettings = {
				ALWAYS_EMBED_SWIFT_STANDARD_LIBRARIES = YES;
				CODE_SIGN_STYLE = Automatic;
				CURRENT_PROJECT_VERSION = 1;
				GENERATE_INFOPLIST_FILE = YES;
				MARKETING_VERSION = 1.0;
				PRODUCT_BUNDLE_IDENTIFIER = "-2345.todoUITests";
				PRODUCT_NAME = "$(TARGET_NAME)";
				SWIFT_EMIT_LOC_STRINGS = NO;
				SWIFT_VERSION = 5.0;
				TARGETED_DEVICE_FAMILY = "1,2";
				TEST_TARGET_NAME = todo;
			};
			name = Release;
		};
/* End XCBuildConfiguration section */

/* Begin XCConfigurationList section */
		5C151E1B2AEAB8E1009684FE /* Build configuration list for PBXProject "todo" */ = {
			isa = XCConfigurationList;
			buildConfigurations = (
				5C151E482AEAB8E5009684FE /* Debug */,
				5C151E492AEAB8E5009684FE /* Release */,
			);
			defaultConfigurationIsVisible = 0;
			defaultConfigurationName = Release;
		};
		5C151E4A2AEAB8E5009684FE /* Build configuration list for PBXNativeTarget "todo" */ = {
			isa = XCConfigurationList;
			buildConfigurations = (
				5C151E4B2AEAB8E5009684FE /* Debug */,
				5C151E4C2AEAB8E5009684FE /* Release */,
			);
			defaultConfigurationIsVisible = 0;
			defaultConfigurationName = Release;
		};
		5C151E4D2AEAB8E5009684FE /* Build configuration list for PBXNativeTarget "todoTests" */ = {
			isa = XCConfigurationList;
			buildConfigurations = (
				5C151E4E2AEAB8E5009684FE /* Debug */,
				5C151E4F2AEAB8E5009684FE /* Release */,
			);
			defaultConfigurationIsVisible = 0;
			defaultConfigurationName = Release;
		};
		5C151E502AEAB8E5009684FE /* Build configuration list for PBXNativeTarget "todoUITests" */ = {
			isa = XCConfigurationList;
			buildConfigurations = (
				5C151E512AEAB8E5009684FE /* Debug */,
				5C151E522AEAB8E5009684FE /* Release */,
			);
			defaultConfigurationIsVisible = 0;
			defaultConfigurationName = Release;
		};
/* End XCConfigurationList section */
	};
	rootObject = 5C151E182AEAB8E1009684FE /* Project object */;
}
